
Microsoft Visual Studio Solution File, Format Version 12.00
# Visual Studio 2012
Project("{FAE04EC0-301F-11D3-BF4B-00C04F79EFBC}") = "1 - Final-Bomber", "Final-Bomber\Final-Bomber\1 - Final-Bomber.csproj", "{B3EC01BD-F46B-4015-8FD4-06BD3E72CD82}"
EndProject
Project("{FAE04EC0-301F-11D3-BF4B-00C04F79EFBC}") = "1 - Final-BomberContent", "Final-Bomber\Final-BomberContent\1 - Final-BomberContent.contentproj", "{677B3A84-ED63-4490-B8E1-A174941CD6B9}"
EndProject
Project("{FAE04EC0-301F-11D3-BF4B-00C04F79EFBC}") = "4 - MainServer", "Final-BomberMainServer\4 - MainServer.csproj", "{DE46CFA0-3FFD-4B66-8694-59C19121C338}"
EndProject
Project("{FAE04EC0-301F-11D3-BF4B-00C04F79EFBC}") = "2 - Server", "Final-BomberServer\2 - Server.csproj", "{0BF45F02-38A7-4E02-A5B1-62A153FBBF69}"
EndProject
Project("{FAE04EC0-301F-11D3-BF4B-00C04F79EFBC}") = "3 - FBLibrary", "FBLibrary\3 - FBLibrary.csproj", "{3AF57B97-6BF8-4B50-847B-C42B003A2471}"
EndProject
Project("{FAE04EC0-301F-11D3-BF4B-00C04F79EFBC}") = "6 - UpdateLibrary", "6 - UpdateLibrary\6 - UpdateLibrary.csproj", "{47B720D2-B663-4DAE-A91B-EE4818FC79AD}"
EndProject
Project("{FAE04EC0-301F-11D3-BF4B-00C04F79EFBC}") = "5 - Launcher", "5 - Launcher\5 - Launcher.csproj", "{49284643-8C82-4F8C-A7EE-DE28EAE3EA4D}"
EndProject
Global
	GlobalSection(SolutionConfigurationPlatforms) = preSolution
		Debug|Any CPU = Debug|Any CPU
		Debug|Mixed Platforms = Debug|Mixed Platforms
		Debug|x86 = Debug|x86
		Release|Any CPU = Release|Any CPU
		Release|Mixed Platforms = Release|Mixed Platforms
		Release|x86 = Release|x86
	EndGlobalSection
	GlobalSection(ProjectConfigurationPlatforms) = postSolution
		{B3EC01BD-F46B-4015-8FD4-06BD3E72CD82}.Debug|Any CPU.ActiveCfg = Debug|x86
		{B3EC01BD-F46B-4015-8FD4-06BD3E72CD82}.Debug|Mixed Platforms.ActiveCfg = Debug|x86
		{B3EC01BD-F46B-4015-8FD4-06BD3E72CD82}.Debug|Mixed Platforms.Build.0 = Debug|x86
		{B3EC01BD-F46B-4015-8FD4-06BD3E72CD82}.Debug|x86.ActiveCfg = Debug|x86
		{B3EC01BD-F46B-4015-8FD4-06BD3E72CD82}.Debug|x86.Build.0 = Debug|x86
		{B3EC01BD-F46B-4015-8FD4-06BD3E72CD82}.Release|Any CPU.ActiveCfg = Release|x86
		{B3EC01BD-F46B-4015-8FD4-06BD3E72CD82}.Release|Mixed Platforms.ActiveCfg = Release|x86
		{B3EC01BD-F46B-4015-8FD4-06BD3E72CD82}.Release|Mixed Platforms.Build.0 = Release|x86
		{B3EC01BD-F46B-4015-8FD4-06BD3E72CD82}.Release|x86.ActiveCfg = Release|x86
		{B3EC01BD-F46B-4015-8FD4-06BD3E72CD82}.Release|x86.Build.0 = Release|x86
		{677B3A84-ED63-4490-B8E1-A174941CD6B9}.Debug|Any CPU.ActiveCfg = Debug|x86
		{677B3A84-ED63-4490-B8E1-A174941CD6B9}.Debug|Mixed Platforms.ActiveCfg = Debug|x86
		{677B3A84-ED63-4490-B8E1-A174941CD6B9}.Debug|x86.ActiveCfg = Debug|x86
		{677B3A84-ED63-4490-B8E1-A174941CD6B9}.Release|Any CPU.ActiveCfg = Release|x86
		{677B3A84-ED63-4490-B8E1-A174941CD6B9}.Release|Mixed Platforms.ActiveCfg = Release|x86
		{677B3A84-ED63-4490-B8E1-A174941CD6B9}.Release|x86.ActiveCfg = Release|x86
		{DE46CFA0-3FFD-4B66-8694-59C19121C338}.Debug|Any CPU.ActiveCfg = Debug|Any CPU
		{DE46CFA0-3FFD-4B66-8694-59C19121C338}.Debug|Any CPU.Build.0 = Debug|Any CPU
		{DE46CFA0-3FFD-4B66-8694-59C19121C338}.Debug|Mixed Platforms.ActiveCfg = Debug|Any CPU
		{DE46CFA0-3FFD-4B66-8694-59C19121C338}.Debug|Mixed Platforms.Build.0 = Debug|Any CPU
		{DE46CFA0-3FFD-4B66-8694-59C19121C338}.Debug|x86.ActiveCfg = Debug|Any CPU
		{DE46CFA0-3FFD-4B66-8694-59C19121C338}.Release|Any CPU.ActiveCfg = Release|Any CPU
		{DE46CFA0-3FFD-4B66-8694-59C19121C338}.Release|Any CPU.Build.0 = Release|Any CPU
		{DE46CFA0-3FFD-4B66-8694-59C19121C338}.Release|Mixed Platforms.ActiveCfg = Release|Any CPU
		{DE46CFA0-3FFD-4B66-8694-59C19121C338}.Release|Mixed Platforms.Build.0 = Release|Any CPU
		{DE46CFA0-3FFD-4B66-8694-59C19121C338}.Release|x86.ActiveCfg = Release|Any CPU
		{0BF45F02-38A7-4E02-A5B1-62A153FBBF69}.Debug|Any CPU.ActiveCfg = Debug|Any CPU
		{0BF45F02-38A7-4E02-A5B1-62A153FBBF69}.Debug|Any CPU.Build.0 = Debug|Any CPU
		{0BF45F02-38A7-4E02-A5B1-62A153FBBF69}.Debug|Mixed Platforms.ActiveCfg = Debug|Any CPU
		{0BF45F02-38A7-4E02-A5B1-62A153FBBF69}.Debug|Mixed Platforms.Build.0 = Debug|Any CPU
		{0BF45F02-38A7-4E02-A5B1-62A153FBBF69}.Debug|x86.ActiveCfg = Debug|Any CPU
		{0BF45F02-38A7-4E02-A5B1-62A153FBBF69}.Debug|x86.Build.0 = Debug|Any CPU
		{0BF45F02-38A7-4E02-A5B1-62A153FBBF69}.Release|Any CPU.ActiveCfg = Release|Any CPU
		{0BF45F02-38A7-4E02-A5B1-62A153FBBF69}.Release|Any CPU.Build.0 = Release|Any CPU
		{0BF45F02-38A7-4E02-A5B1-62A153FBBF69}.Release|Mixed Platforms.ActiveCfg = Release|Any CPU
		{0BF45F02-38A7-4E02-A5B1-62A153FBBF69}.Release|Mixed Platforms.Build.0 = Release|Any CPU
		{0BF45F02-38A7-4E02-A5B1-62A153FBBF69}.Release|x86.ActiveCfg = Release|Any CPU
		{0BF45F02-38A7-4E02-A5B1-62A153FBBF69}.Release|x86.Build.0 = Release|Any CPU
		{3AF57B97-6BF8-4B50-847B-C42B003A2471}.Debug|Any CPU.ActiveCfg = Debug|Any CPU
		{3AF57B97-6BF8-4B50-847B-C42B003A2471}.Debug|Any CPU.Build.0 = Debug|Any CPU
		{3AF57B97-6BF8-4B50-847B-C42B003A2471}.Debug|Mixed Platforms.ActiveCfg = Debug|Any CPU
		{3AF57B97-6BF8-4B50-847B-C42B003A2471}.Debug|Mixed Platforms.Build.0 = Debug|Any CPU
		{3AF57B97-6BF8-4B50-847B-C42B003A2471}.Debug|x86.ActiveCfg = Debug|Any CPU
		{3AF57B97-6BF8-4B50-847B-C42B003A2471}.Debug|x86.Build.0 = Debug|Any CPU
		{3AF57B97-6BF8-4B50-847B-C42B003A2471}.Release|Any CPU.ActiveCfg = Release|Any CPU
		{3AF57B97-6BF8-4B50-847B-C42B003A2471}.Release|Any CPU.Build.0 = Release|Any CPU
		{3AF57B97-6BF8-4B50-847B-C42B003A2471}.Release|Mixed Platforms.ActiveCfg = Release|Any CPU
		{3AF57B97-6BF8-4B50-847B-C42B003A2471}.Release|Mixed Platforms.Build.0 = Release|Any CPU
		{3AF57B97-6BF8-4B50-847B-C42B003A2471}.Release|x86.ActiveCfg = Release|Any CPU
		{3AF57B97-6BF8-4B50-847B-C42B003A2471}.Release|x86.Build.0 = Release|Any CPU
		{47B720D2-B663-4DAE-A91B-EE4818FC79AD}.Debug|Any CPU.ActiveCfg = Debug|Any CPU
		{47B720D2-B663-4DAE-A91B-EE4818FC79AD}.Debug|Any CPU.Build.0 = Debug|Any CPU
		{47B720D2-B663-4DAE-A91B-EE4818FC79AD}.Debug|Mixed Platforms.ActiveCfg = Debug|Any CPU
		{47B720D2-B663-4DAE-A91B-EE4818FC79AD}.Debug|Mixed Platforms.Build.0 = Debug|Any CPU
		{47B720D2-B663-4DAE-A91B-EE4818FC79AD}.Debug|x86.ActiveCfg = Debug|Any CPU
		{47B720D2-B663-4DAE-A91B-EE4818FC79AD}.Release|Any CPU.ActiveCfg = Release|Any CPU
		{47B720D2-B663-4DAE-A91B-EE4818FC79AD}.Release|Any CPU.Build.0 = Release|Any CPU
		{47B720D2-B663-4DAE-A91B-EE4818FC79AD}.Release|Mixed Platforms.ActiveCfg = Release|Any CPU
		{47B720D2-B663-4DAE-A91B-EE4818FC79AD}.Release|Mixed Platforms.Build.0 = Release|Any CPU
		{47B720D2-B663-4DAE-A91B-EE4818FC79AD}.Release|x86.ActiveCfg = Release|Any CPU
		{49284643-8C82-4F8C-A7EE-DE28EAE3EA4D}.Debug|Any CPU.ActiveCfg = Debug|Any CPU
		{49284643-8C82-4F8C-A7EE-DE28EAE3EA4D}.Debug|Any CPU.Build.0 = Debug|Any CPU
		{49284643-8C82-4F8C-A7EE-DE28EAE3EA4D}.Debug|Mixed Platforms.ActiveCfg = Debug|Any CPU
		{49284643-8C82-4F8C-A7EE-DE28EAE3EA4D}.Debug|Mixed Platforms.Build.0 = Debug|Any CPU
		{49284643-8C82-4F8C-A7EE-DE28EAE3EA4D}.Debug|x86.ActiveCfg = Debug|Any CPU
		{49284643-8C82-4F8C-A7EE-DE28EAE3EA4D}.Release|Any CPU.ActiveCfg = Release|Any CPU
		{49284643-8C82-4F8C-A7EE-DE28EAE3EA4D}.Release|Any CPU.Build.0 = Release|Any CPU
		{49284643-8C82-4F8C-A7EE-DE28EAE3EA4D}.Release|Mixed Platforms.ActiveCfg = Release|Any CPU
		{49284643-8C82-4F8C-A7EE-DE28EAE3EA4D}.Release|Mixed Platforms.Build.0 = Release|Any CPU
		{49284643-8C82-4F8C-A7EE-DE28EAE3EA4D}.Release|x86.ActiveCfg = Release|Any CPU
	EndGlobalSection
	GlobalSection(SolutionProperties) = preSolution
		HideSolutionNode = FALSE
	EndGlobalSection
	GlobalSection(Performance) = preSolution
		HasPerformanceSessions = true
	EndGlobalSection
EndGlobal
