
Microsoft Visual Studio Solution File, Format Version 12.00
# Visual Studio 2013
VisualStudioVersion = 12.0.20617.1 PREVIEW
MinimumVisualStudioVersion = 10.0.40219.1
Project("{FAE04EC0-301F-11D3-BF4B-00C04F79EFBC}") = "Final-Bomber", "Final-Bomber\Final-Bomber\Final-Bomber.csproj", "{B3EC01BD-F46B-4015-8FD4-06BD3E72CD82}"
EndProject
Project("{FAE04EC0-301F-11D3-BF4B-00C04F79EFBC}") = "Final-BomberContent", "Final-Bomber\Final-BomberContent\Final-BomberContent.contentproj", "{677B3A84-ED63-4490-B8E1-A174941CD6B9}"
EndProject
Project("{FAE04EC0-301F-11D3-BF4B-00C04F79EFBC}") = "Final-BomberNetwork", "Final-BomberNetwork\Final-BomberNetwork.csproj", "{261864E0-E888-4799-A6E4-6F4CADC02241}"
EndProject
Project("{FAE04EC0-301F-11D3-BF4B-00C04F79EFBC}") = "Final-BomberMainServer", "Final-BomberMainServer\Final-BomberMainServer.csproj", "{DE46CFA0-3FFD-4B66-8694-59C19121C338}"
EndProject
Project("{FAE04EC0-301F-11D3-BF4B-00C04F79EFBC}") = "Final-BomberServer", "Final-BomberServer\Final-BomberServer.csproj", "{0BF45F02-38A7-4E02-A5B1-62A153FBBF69}"
EndProject
Global
	GlobalSection(SolutionConfigurationPlatforms) = preSolution
		Debug|Any CPU = Debug|Any CPU
		Debug|Mixed Platforms = Debug|Mixed Platforms
		Debug|x86 = Debug|x86
		Release|Any CPU = Release|Any CPU
		Release|Mixed Platforms = Release|Mixed Platforms
		Release|x86 = Release|x86
	EndGlobalSection
	GlobalSection(ProjectConfigurationPlatforms) = postSolution
		{B3EC01BD-F46B-4015-8FD4-06BD3E72CD82}.Debug|Any CPU.ActiveCfg = Debug|x86
		{B3EC01BD-F46B-4015-8FD4-06BD3E72CD82}.Debug|Mixed Platforms.ActiveCfg = Debug|x86
		{B3EC01BD-F46B-4015-8FD4-06BD3E72CD82}.Debug|Mixed Platforms.Build.0 = Debug|x86
		{B3EC01BD-F46B-4015-8FD4-06BD3E72CD82}.Debug|x86.ActiveCfg = Debug|x86
		{B3EC01BD-F46B-4015-8FD4-06BD3E72CD82}.Debug|x86.Build.0 = Debug|x86
		{B3EC01BD-F46B-4015-8FD4-06BD3E72CD82}.Release|Any CPU.ActiveCfg = Release|x86
		{B3EC01BD-F46B-4015-8FD4-06BD3E72CD82}.Release|Mixed Platforms.ActiveCfg = Release|x86
		{B3EC01BD-F46B-4015-8FD4-06BD3E72CD82}.Release|Mixed Platforms.Build.0 = Release|x86
		{B3EC01BD-F46B-4015-8FD4-06BD3E72CD82}.Release|x86.ActiveCfg = Release|x86
		{B3EC01BD-F46B-4015-8FD4-06BD3E72CD82}.Release|x86.Build.0 = Release|x86
		{677B3A84-ED63-4490-B8E1-A174941CD6B9}.Debug|Any CPU.ActiveCfg = Debug|x86
		{677B3A84-ED63-4490-B8E1-A174941CD6B9}.Debug|Mixed Platforms.ActiveCfg = Debug|x86
		{677B3A84-ED63-4490-B8E1-A174941CD6B9}.Debug|x86.ActiveCfg = Debug|x86
		{677B3A84-ED63-4490-B8E1-A174941CD6B9}.Release|Any CPU.ActiveCfg = Release|x86
		{677B3A84-ED63-4490-B8E1-A174941CD6B9}.Release|Mixed Platforms.ActiveCfg = Release|x86
		{677B3A84-ED63-4490-B8E1-A174941CD6B9}.Release|x86.ActiveCfg = Release|x86
		{261864E0-E888-4799-A6E4-6F4CADC02241}.Debug|Any CPU.ActiveCfg = Debug|Any CPU
		{261864E0-E888-4799-A6E4-6F4CADC02241}.Debug|Any CPU.Build.0 = Debug|Any CPU
		{261864E0-E888-4799-A6E4-6F4CADC02241}.Debug|Mixed Platforms.ActiveCfg = Debug|Any CPU
		{261864E0-E888-4799-A6E4-6F4CADC02241}.Debug|Mixed Platforms.Build.0 = Debug|Any CPU
		{261864E0-E888-4799-A6E4-6F4CADC02241}.Debug|x86.ActiveCfg = Debug|Any CPU
		{261864E0-E888-4799-A6E4-6F4CADC02241}.Release|Any CPU.ActiveCfg = Release|Any CPU
		{261864E0-E888-4799-A6E4-6F4CADC02241}.Release|Any CPU.Build.0 = Release|Any CPU
		{261864E0-E888-4799-A6E4-6F4CADC02241}.Release|Mixed Platforms.ActiveCfg = Release|Any CPU
		{261864E0-E888-4799-A6E4-6F4CADC02241}.Release|Mixed Platforms.Build.0 = Release|Any CPU
		{261864E0-E888-4799-A6E4-6F4CADC02241}.Release|x86.ActiveCfg = Release|Any CPU
		{DE46CFA0-3FFD-4B66-8694-59C19121C338}.Debug|Any CPU.ActiveCfg = Debug|Any CPU
		{DE46CFA0-3FFD-4B66-8694-59C19121C338}.Debug|Any CPU.Build.0 = Debug|Any CPU
		{DE46CFA0-3FFD-4B66-8694-59C19121C338}.Debug|Mixed Platforms.ActiveCfg = Debug|Any CPU
		{DE46CFA0-3FFD-4B66-8694-59C19121C338}.Debug|Mixed Platforms.Build.0 = Debug|Any CPU
		{DE46CFA0-3FFD-4B66-8694-59C19121C338}.Debug|x86.ActiveCfg = Debug|Any CPU
		{DE46CFA0-3FFD-4B66-8694-59C19121C338}.Release|Any CPU.ActiveCfg = Release|Any CPU
		{DE46CFA0-3FFD-4B66-8694-59C19121C338}.Release|Any CPU.Build.0 = Release|Any CPU
		{DE46CFA0-3FFD-4B66-8694-59C19121C338}.Release|Mixed Platforms.ActiveCfg = Release|Any CPU
		{DE46CFA0-3FFD-4B66-8694-59C19121C338}.Release|Mixed Platforms.Build.0 = Release|Any CPU
		{DE46CFA0-3FFD-4B66-8694-59C19121C338}.Release|x86.ActiveCfg = Release|Any CPU
		{0BF45F02-38A7-4E02-A5B1-62A153FBBF69}.Debug|Any CPU.ActiveCfg = Debug|Any CPU
		{0BF45F02-38A7-4E02-A5B1-62A153FBBF69}.Debug|Any CPU.Build.0 = Debug|Any CPU
		{0BF45F02-38A7-4E02-A5B1-62A153FBBF69}.Debug|Mixed Platforms.ActiveCfg = Debug|Any CPU
		{0BF45F02-38A7-4E02-A5B1-62A153FBBF69}.Debug|Mixed Platforms.Build.0 = Debug|Any CPU
		{0BF45F02-38A7-4E02-A5B1-62A153FBBF69}.Debug|x86.ActiveCfg = Debug|Any CPU
		{0BF45F02-38A7-4E02-A5B1-62A153FBBF69}.Release|Any CPU.ActiveCfg = Release|Any CPU
		{0BF45F02-38A7-4E02-A5B1-62A153FBBF69}.Release|Any CPU.Build.0 = Release|Any CPU
		{0BF45F02-38A7-4E02-A5B1-62A153FBBF69}.Release|Mixed Platforms.ActiveCfg = Release|Any CPU
		{0BF45F02-38A7-4E02-A5B1-62A153FBBF69}.Release|Mixed Platforms.Build.0 = Release|Any CPU
		{0BF45F02-38A7-4E02-A5B1-62A153FBBF69}.Release|x86.ActiveCfg = Release|Any CPU
	EndGlobalSection
	GlobalSection(SolutionProperties) = preSolution
		HideSolutionNode = FALSE
	EndGlobalSection
EndGlobal
